
Microsoft Visual Studio Solution File, Format Version 12.00
# Visual Studio Version 17
VisualStudioVersion = 17.5.33414.496
MinimumVisualStudioVersion = 10.0.40219.1
Project("{FAE04EC0-301F-11D3-BF4B-00C04F79EFBC}") = "s2_926", "s2_926\s2_926.csproj", "{614C56DD-2360-48DF-8447-90E58AE120FD}"
EndProject
Global
	GlobalSection(SolutionConfigurationPlatforms) = preSolution
		Debug|Any CPU = Debug|Any CPU
		Release|Any CPU = Release|Any CPU
	EndGlobalSection
	GlobalSection(ProjectConfigurationPlatforms) = postSolution
		{614C56DD-2360-48DF-8447-90E58AE120FD}.Debug|Any CPU.ActiveCfg = Debug|Any CPU
		{614C56DD-2360-48DF-8447-90E58AE120FD}.Debug|Any CPU.Build.0 = Debug|Any CPU
		{614C56DD-2360-48DF-8447-90E58AE120FD}.Release|Any CPU.ActiveCfg = Release|Any CPU
		{614C56DD-2360-48DF-8447-90E58AE120FD}.Release|Any CPU.Build.0 = Release|Any CPU
	EndGlobalSection
	GlobalSection(SolutionProperties) = preSolution
		HideSolutionNode = FALSE
	EndGlobalSection
	GlobalSection(ExtensibilityGlobals) = postSolution
		SolutionGuid = {E6DDB678-BB8B-45D1-95DF-5E30B729313D}
	EndGlobalSection
EndGlobal
